// !$*UTF8*$!
{
	archiveVersion = 1;
	classes = {
	};
	objectVersion = 77;
	objects = {

/* Begin PBXBuildFile section */
		35122B662F69AED900F4377B /* FF_Primitives.cpp in Sources */ = {isa = PBXBuildFile; fileRef = 35122B622F69AED900F4377B /* FF_Primitives.cpp */; };
		35CB68442F6ADAA30000FA32 /* FF_Parser.cpp in Sources */ = {isa = PBXBuildFile; fileRef = 35CB68432F6ADAA30000FA32 /* FF_Parser.cpp */; };
		35CB68792F6AE9D30000FA32 /* FF_R4_Dictionary.cpp in Sources */ = {isa = PBXBuildFile; fileRef = 35CB68732F6AE9D30000FA32 /* FF_R4_Dictionary.cpp */; };
		35CB687A2F6AE9D30000FA32 /* FF_DataTypes.cpp in Sources */ = {isa = PBXBuildFile; fileRef = 35CB686B2F6AE9D30000FA32 /* FF_DataTypes.cpp */; };
		35CB687B2F6AE9D30000FA32 /* FF_Observation.cpp in Sources */ = {isa = PBXBuildFile; fileRef = 35CB686F2F6AE9D30000FA32 /* FF_Observation.cpp */; };
		35CB687C2F6AE9D30000FA32 /* FF_R5_Dictionary.cpp in Sources */ = {isa = PBXBuildFile; fileRef = 35CB68752F6AE9D30000FA32 /* FF_R5_Dictionary.cpp */; };
		35CB687D2F6AE9D30000FA32 /* FF_Patient.cpp in Sources */ = {isa = PBXBuildFile; fileRef = 35CB68712F6AE9D30000FA32 /* FF_Patient.cpp */; };
		35CB687E2F6AE9D30000FA32 /* FF_Reflection.cpp in Sources */ = {isa = PBXBuildFile; fileRef = 35CB68772F6AE9D30000FA32 /* FF_Reflection.cpp */; };
		35CB687F2F6AE9D30000FA32 /* FF_DataTypes.hpp in Headers */ = {isa = PBXBuildFile; fileRef = 35CB686A2F6AE9D30000FA32 /* FF_DataTypes.hpp */; };
		35CB68802F6AE9D30000FA32 /* FF_Reflection.hpp in Headers */ = {isa = PBXBuildFile; fileRef = 35CB68762F6AE9D30000FA32 /* FF_Reflection.hpp */; };
		35CB68812F6AE9D30000FA32 /* FF_Dictionary.hpp in Headers */ = {isa = PBXBuildFile; fileRef = 35CB686C2F6AE9D30000FA32 /* FF_Dictionary.hpp */; };
		35CB68822F6AE9D30000FA32 /* FF_CodeSystems.hpp in Headers */ = {isa = PBXBuildFile; fileRef = 35CB68692F6AE9D30000FA32 /* FF_CodeSystems.hpp */; };
		35CB68832F6AE9D30000FA32 /* FF_AllTypes.hpp in Headers */ = {isa = PBXBuildFile; fileRef = 35CB68682F6AE9D30000FA32 /* FF_AllTypes.hpp */; };
		35CB68842F6AE9D30000FA32 /* FF_R4_Dictionary.hpp in Headers */ = {isa = PBXBuildFile; fileRef = 35CB68722F6AE9D30000FA32 /* FF_R4_Dictionary.hpp */; };
		35CB68852F6AE9D30000FA32 /* FF_R5_Dictionary.hpp in Headers */ = {isa = PBXBuildFile; fileRef = 35CB68742F6AE9D30000FA32 /* FF_R5_Dictionary.hpp */; };
		35CB68862F6AE9D30000FA32 /* FF_FieldKeys.hpp in Headers */ = {isa = PBXBuildFile; fileRef = 35CB686D2F6AE9D30000FA32 /* FF_FieldKeys.hpp */; };
		35CB68872F6AE9D30000FA32 /* FF_Patient.hpp in Headers */ = {isa = PBXBuildFile; fileRef = 35CB68702F6AE9D30000FA32 /* FF_Patient.hpp */; };
		35CB68882F6AE9D30000FA32 /* FF_Observation.hpp in Headers */ = {isa = PBXBuildFile; fileRef = 35CB686E2F6AE9D30000FA32 /* FF_Observation.hpp */; };
/* End PBXBuildFile section */

/* Begin PBXFileReference section */
		35122B3C2F69A14900F4377B /* libFastFHIR.dylib */ = {isa = PBXFileReference; explicitFileType = "compiled.mach-o.dylib"; includeInIndex = 0; path = libFastFHIR.dylib; sourceTree = BUILT_PRODUCTS_DIR; };
		35122B592F69AEC700F4377B /* FF_Primitives.hpp */ = {isa = PBXFileReference; lastKnownFileType = sourcecode.cpp.h; path = FF_Primitives.hpp; sourceTree = "<group>"; };
		35122B622F69AED900F4377B /* FF_Primitives.cpp */ = {isa = PBXFileReference; lastKnownFileType = sourcecode.cpp.cpp; path = FF_Primitives.cpp; sourceTree = "<group>"; };
		35CB68432F6ADAA30000FA32 /* FF_Parser.cpp */ = {isa = PBXFileReference; lastKnownFileType = sourcecode.cpp.cpp; name = FF_Parser.cpp; path = src/FF_Parser.cpp; sourceTree = SOURCE_ROOT; };
		35CB68452F6AE9A70000FA32 /* FF_Parser.hpp */ = {isa = PBXFileReference; lastKnownFileType = sourcecode.cpp.h; path = FF_Parser.hpp; sourceTree = "<group>"; };
		35CB68462F6AE9A70000FA32 /* FF_Utilities.hpp */ = {isa = PBXFileReference; lastKnownFileType = sourcecode.cpp.h; path = FF_Utilities.hpp; sourceTree = "<group>"; };
		35CB68682F6AE9D30000FA32 /* FF_AllTypes.hpp */ = {isa = PBXFileReference; lastKnownFileType = sourcecode.cpp.h; path = FF_AllTypes.hpp; sourceTree = "<group>"; };
		35CB68692F6AE9D30000FA32 /* FF_CodeSystems.hpp */ = {isa = PBXFileReference; lastKnownFileType = sourcecode.cpp.h; path = FF_CodeSystems.hpp; sourceTree = "<group>"; };
		35CB686A2F6AE9D30000FA32 /* FF_DataTypes.hpp */ = {isa = PBXFileReference; lastKnownFileType = sourcecode.cpp.h; path = FF_DataTypes.hpp; sourceTree = "<group>"; };
		35CB686B2F6AE9D30000FA32 /* FF_DataTypes.cpp */ = {isa = PBXFileReference; lastKnownFileType = sourcecode.cpp.cpp; path = FF_DataTypes.cpp; sourceTree = "<group>"; };
		35CB686C2F6AE9D30000FA32 /* FF_Dictionary.hpp */ = {isa = PBXFileReference; lastKnownFileType = sourcecode.cpp.h; path = FF_Dictionary.hpp; sourceTree = "<group>"; };
		35CB686D2F6AE9D30000FA32 /* FF_FieldKeys.hpp */ = {isa = PBXFileReference; lastKnownFileType = sourcecode.cpp.h; path = FF_FieldKeys.hpp; sourceTree = "<group>"; };
		35CB686E2F6AE9D30000FA32 /* FF_Observation.hpp */ = {isa = PBXFileReference; lastKnownFileType = sourcecode.cpp.h; path = FF_Observation.hpp; sourceTree = "<group>"; };
		35CB686F2F6AE9D30000FA32 /* FF_Observation.cpp */ = {isa = PBXFileReference; lastKnownFileType = sourcecode.cpp.cpp; path = FF_Observation.cpp; sourceTree = "<group>"; };
		35CB68702F6AE9D30000FA32 /* FF_Patient.hpp */ = {isa = PBXFileReference; lastKnownFileType = sourcecode.cpp.h; path = FF_Patient.hpp; sourceTree = "<group>"; };
		35CB68712F6AE9D30000FA32 /* FF_Patient.cpp */ = {isa = PBXFileReference; lastKnownFileType = sourcecode.cpp.cpp; path = FF_Patient.cpp; sourceTree = "<group>"; };
		35CB68722F6AE9D30000FA32 /* FF_R4_Dictionary.hpp */ = {isa = PBXFileReference; lastKnownFileType = sourcecode.cpp.h; path = FF_R4_Dictionary.hpp; sourceTree = "<group>"; };
		35CB68732F6AE9D30000FA32 /* FF_R4_Dictionary.cpp */ = {isa = PBXFileReference; lastKnownFileType = sourcecode.cpp.cpp; path = FF_R4_Dictionary.cpp; sourceTree = "<group>"; };
		35CB68742F6AE9D30000FA32 /* FF_R5_Dictionary.hpp */ = {isa = PBXFileReference; lastKnownFileType = sourcecode.cpp.h; path = FF_R5_Dictionary.hpp; sourceTree = "<group>"; };
		35CB68752F6AE9D30000FA32 /* FF_R5_Dictionary.cpp */ = {isa = PBXFileReference; lastKnownFileType = sourcecode.cpp.cpp; path = FF_R5_Dictionary.cpp; sourceTree = "<group>"; };
		35CB68762F6AE9D30000FA32 /* FF_Reflection.hpp */ = {isa = PBXFileReference; lastKnownFileType = sourcecode.cpp.h; path = FF_Reflection.hpp; sourceTree = "<group>"; };
		35CB68772F6AE9D30000FA32 /* FF_Reflection.cpp */ = {isa = PBXFileReference; lastKnownFileType = sourcecode.cpp.cpp; path = FF_Reflection.cpp; sourceTree = "<group>"; };
/* End PBXFileReference section */

/* Begin PBXFrameworksBuildPhase section */
		35122B3A2F69A14900F4377B /* Frameworks */ = {
			isa = PBXFrameworksBuildPhase;
			buildActionMask = 2147483647;
			files = (
			);
			runOnlyForDeploymentPostprocessing = 0;
		};
/* End PBXFrameworksBuildPhase section */

/* Begin PBXGroup section */
		35122B332F69A14900F4377B = {
			isa = PBXGroup;
			children = (
				35CB68782F6AE9D30000FA32 /* generated_src */,
				35122B5A2F69AEC700F4377B /* include */,
				35122B652F69AED900F4377B /* src */,
				35122B3D2F69A14900F4377B /* Products */,
			);
			sourceTree = "<group>";
		};
		35122B3D2F69A14900F4377B /* Products */ = {
			isa = PBXGroup;
			children = (
				35122B3C2F69A14900F4377B /* libFastFHIR.dylib */,
			);
			name = Products;
			sourceTree = "<group>";
		};
		35122B5A2F69AEC700F4377B /* include */ = {
			isa = PBXGroup;
			children = (
				35CB68452F6AE9A70000FA32 /* FF_Parser.hpp */,
				35CB68462F6AE9A70000FA32 /* FF_Utilities.hpp */,
				35122B592F69AEC700F4377B /* FF_Primitives.hpp */,
			);
			path = include;
			sourceTree = "<group>";
		};
		35122B652F69AED900F4377B /* src */ = {
			isa = PBXGroup;
			children = (
				35CB68432F6ADAA30000FA32 /* FF_Parser.cpp */,
				35122B622F69AED900F4377B /* FF_Primitives.cpp */,
			);
			path = src;
			sourceTree = "<group>";
		};
		35CB68782F6AE9D30000FA32 /* generated_src */ = {
			isa = PBXGroup;
			children = (
				35CB68682F6AE9D30000FA32 /* FF_AllTypes.hpp */,
				35CB68692F6AE9D30000FA32 /* FF_CodeSystems.hpp */,
				35CB686A2F6AE9D30000FA32 /* FF_DataTypes.hpp */,
				35CB686B2F6AE9D30000FA32 /* FF_DataTypes.cpp */,
				35CB686C2F6AE9D30000FA32 /* FF_Dictionary.hpp */,
				35CB686D2F6AE9D30000FA32 /* FF_FieldKeys.hpp */,
				35CB686E2F6AE9D30000FA32 /* FF_Observation.hpp */,
				35CB686F2F6AE9D30000FA32 /* FF_Observation.cpp */,
				35CB68702F6AE9D30000FA32 /* FF_Patient.hpp */,
				35CB68712F6AE9D30000FA32 /* FF_Patient.cpp */,
				35CB68722F6AE9D30000FA32 /* FF_R4_Dictionary.hpp */,
				35CB68732F6AE9D30000FA32 /* FF_R4_Dictionary.cpp */,
				35CB68742F6AE9D30000FA32 /* FF_R5_Dictionary.hpp */,
				35CB68752F6AE9D30000FA32 /* FF_R5_Dictionary.cpp */,
				35CB68762F6AE9D30000FA32 /* FF_Reflection.hpp */,
				35CB68772F6AE9D30000FA32 /* FF_Reflection.cpp */,
			);
			path = generated_src;
			sourceTree = "<group>";
		};
/* End PBXGroup section */

/* Begin PBXHeadersBuildPhase section */
		35122B382F69A14900F4377B /* Headers */ = {
			isa = PBXHeadersBuildPhase;
			buildActionMask = 2147483647;
			files = (
				35CB687F2F6AE9D30000FA32 /* FF_DataTypes.hpp in Headers */,
				35CB68802F6AE9D30000FA32 /* FF_Reflection.hpp in Headers */,
				35CB68812F6AE9D30000FA32 /* FF_Dictionary.hpp in Headers */,
				35CB68822F6AE9D30000FA32 /* FF_CodeSystems.hpp in Headers */,
				35CB68832F6AE9D30000FA32 /* FF_AllTypes.hpp in Headers */,
				35CB68842F6AE9D30000FA32 /* FF_R4_Dictionary.hpp in Headers */,
				35CB68852F6AE9D30000FA32 /* FF_R5_Dictionary.hpp in Headers */,
				35CB68862F6AE9D30000FA32 /* FF_FieldKeys.hpp in Headers */,
				35CB68872F6AE9D30000FA32 /* FF_Patient.hpp in Headers */,
				35CB68882F6AE9D30000FA32 /* FF_Observation.hpp in Headers */,
			);
			runOnlyForDeploymentPostprocessing = 0;
		};
/* End PBXHeadersBuildPhase section */

/* Begin PBXNativeTarget section */
		35122B3B2F69A14900F4377B /* FastFHIR */ = {
			isa = PBXNativeTarget;
			buildConfigurationList = 35122B472F69A14900F4377B /* Build configuration list for PBXNativeTarget "FastFHIR" */;
			buildPhases = (
				35122B382F69A14900F4377B /* Headers */,
				35122B392F69A14900F4377B /* Sources */,
				35122B3A2F69A14900F4377B /* Frameworks */,
			);
			buildRules = (
			);
			dependencies = (
			);
			name = FastFHIR;
			packageProductDependencies = (
			);
			productName = FastFHIR;
			productReference = 35122B3C2F69A14900F4377B /* libFastFHIR.dylib */;
			productType = "com.apple.product-type.library.dynamic";
		};
/* End PBXNativeTarget section */

/* Begin PBXProject section */
		35122B342F69A14900F4377B /* Project object */ = {
			isa = PBXProject;
			attributes = {
				BuildIndependentTargetsInParallel = 1;
				LastUpgradeCheck = 2630;
				TargetAttributes = {
					35122B3B2F69A14900F4377B = {
						CreatedOnToolsVersion = 26.3;
					};
				};
			};
			buildConfigurationList = 35122B372F69A14900F4377B /* Build configuration list for PBXProject "FastFHIR" */;
			developmentRegion = en;
			hasScannedForEncodings = 0;
			knownRegions = (
				en,
				Base,
			);
			mainGroup = 35122B332F69A14900F4377B;
			minimizedProjectReferenceProxies = 1;
			preferredProjectObjectVersion = 77;
			productRefGroup = 35122B3D2F69A14900F4377B /* Products */;
			projectDirPath = "";
			projectRoot = "";
			targets = (
				35122B3B2F69A14900F4377B /* FastFHIR */,
			);
		};
/* End PBXProject section */

/* Begin PBXSourcesBuildPhase section */
		35122B392F69A14900F4377B /* Sources */ = {
			isa = PBXSourcesBuildPhase;
			buildActionMask = 2147483647;
			files = (
				35122B662F69AED900F4377B /* FF_Primitives.cpp in Sources */,
				35CB68792F6AE9D30000FA32 /* FF_R4_Dictionary.cpp in Sources */,
				35CB687A2F6AE9D30000FA32 /* FF_DataTypes.cpp in Sources */,
				35CB687B2F6AE9D30000FA32 /* FF_Observation.cpp in Sources */,
				35CB687C2F6AE9D30000FA32 /* FF_R5_Dictionary.cpp in Sources */,
				35CB687D2F6AE9D30000FA32 /* FF_Patient.cpp in Sources */,
				35CB687E2F6AE9D30000FA32 /* FF_Reflection.cpp in Sources */,
				35CB68442F6ADAA30000FA32 /* FF_Parser.cpp in Sources */,
			);
			runOnlyForDeploymentPostprocessing = 0;
		};
/* End PBXSourcesBuildPhase section */

/* Begin XCBuildConfiguration section */
		35122B452F69A14900F4377B /* Debug */ = {
			isa = XCBuildConfiguration;
			buildSettings = {
				ALWAYS_SEARCH_USER_PATHS = NO;
				ASSETCATALOG_COMPILER_GENERATE_SWIFT_ASSET_SYMBOL_EXTENSIONS = YES;
				CLANG_ANALYZER_NONNULL = YES;
				CLANG_ANALYZER_NUMBER_OBJECT_CONVERSION = YES_AGGRESSIVE;
				CLANG_CXX_LANGUAGE_STANDARD = "gnu++20";
				CLANG_ENABLE_MODULES = YES;
				CLANG_ENABLE_OBJC_ARC = YES;
				CLANG_ENABLE_OBJC_WEAK = YES;
				CLANG_WARN_BLOCK_CAPTURE_AUTORELEASING = YES;
				CLANG_WARN_BOOL_CONVERSION = YES;
				CLANG_WARN_COMMA = YES;
				CLANG_WARN_CONSTANT_CONVERSION = YES;
				CLANG_WARN_DEPRECATED_OBJC_IMPLEMENTATIONS = YES;
				CLANG_WARN_DIRECT_OBJC_ISA_USAGE = YES_ERROR;
				CLANG_WARN_DOCUMENTATION_COMMENTS = YES;
				CLANG_WARN_EMPTY_BODY = YES;
				CLANG_WARN_ENUM_CONVERSION = YES;
				CLANG_WARN_INFINITE_RECURSION = YES;
				CLANG_WARN_INT_CONVERSION = YES;
				CLANG_WARN_NON_LITERAL_NULL_CONVERSION = YES;
				CLANG_WARN_OBJC_IMPLICIT_RETAIN_SELF = YES;
				CLANG_WARN_OBJC_LITERAL_CONVERSION = YES;
				CLANG_WARN_OBJC_ROOT_CLASS = YES_ERROR;
				CLANG_WARN_QUOTED_INCLUDE_IN_FRAMEWORK_HEADER = YES;
				CLANG_WARN_RANGE_LOOP_ANALYSIS = YES;
				CLANG_WARN_STRICT_PROTOTYPES = YES;
				CLANG_WARN_SUSPICIOUS_MOVE = YES;
				CLANG_WARN_UNGUARDED_AVAILABILITY = YES_AGGRESSIVE;
				CLANG_WARN_UNREACHABLE_CODE = YES;
				CLANG_WARN__DUPLICATE_METHOD_MATCH = YES;
				COPY_PHASE_STRIP = NO;
				DEBUG_INFORMATION_FORMAT = dwarf;
				DEVELOPMENT_TEAM = CNUSUQ2TCB;
				ENABLE_STRICT_OBJC_MSGSEND = YES;
				ENABLE_TESTABILITY = YES;
				ENABLE_USER_SCRIPT_SANDBOXING = YES;
				GCC_C_LANGUAGE_STANDARD = gnu17;
				GCC_DYNAMIC_NO_PIC = NO;
				GCC_NO_COMMON_BLOCKS = YES;
				GCC_OPTIMIZATION_LEVEL = 0;
				GCC_PREPROCESSOR_DEFINITIONS = (
					"DEBUG=1",
					"$(inherited)",
				);
				GCC_WARN_64_TO_32_BIT_CONVERSION = YES;
				GCC_WARN_ABOUT_RETURN_TYPE = YES_ERROR;
				GCC_WARN_UNDECLARED_SELECTOR = YES;
				GCC_WARN_UNINITIALIZED_AUTOS = YES_AGGRESSIVE;
				GCC_WARN_UNUSED_FUNCTION = YES;
				GCC_WARN_UNUSED_VARIABLE = YES;
				LOCALIZATION_PREFERS_STRING_CATALOGS = YES;
				MACOSX_DEPLOYMENT_TARGET = 15.7;
				MTL_ENABLE_DEBUG_INFO = INCLUDE_SOURCE;
				MTL_FAST_MATH = YES;
				ONLY_ACTIVE_ARCH = YES;
				SDKROOT = macosx;
			};
			name = Debug;
		};
		35122B462F69A14900F4377B /* Release */ = {
			isa = XCBuildConfiguration;
			buildSettings = {
				ALWAYS_SEARCH_USER_PATHS = NO;
				ASSETCATALOG_COMPILER_GENERATE_SWIFT_ASSET_SYMBOL_EXTENSIONS = YES;
				CLANG_ANALYZER_NONNULL = YES;
				CLANG_ANALYZER_NUMBER_OBJECT_CONVERSION = YES_AGGRESSIVE;
				CLANG_CXX_LANGUAGE_STANDARD = "gnu++20";
				CLANG_ENABLE_MODULES = YES;
				CLANG_ENABLE_OBJC_ARC = YES;
				CLANG_ENABLE_OBJC_WEAK = YES;
				CLANG_WARN_BLOCK_CAPTURE_AUTORELEASING = YES;
				CLANG_WARN_BOOL_CONVERSION = YES;
				CLANG_WARN_COMMA = YES;
				CLANG_WARN_CONSTANT_CONVERSION = YES;
				CLANG_WARN_DEPRECATED_OBJC_IMPLEMENTATIONS = YES;
				CLANG_WARN_DIRECT_OBJC_ISA_USAGE = YES_ERROR;
				CLANG_WARN_DOCUMENTATION_COMMENTS = YES;
				CLANG_WARN_EMPTY_BODY = YES;
				CLANG_WARN_ENUM_CONVERSION = YES;
				CLANG_WARN_INFINITE_RECURSION = YES;
				CLANG_WARN_INT_CONVERSION = YES;
				CLANG_WARN_NON_LITERAL_NULL_CONVERSION = YES;
				CLANG_WARN_OBJC_IMPLICIT_RETAIN_SELF = YES;
				CLANG_WARN_OBJC_LITERAL_CONVERSION = YES;
				CLANG_WARN_OBJC_ROOT_CLASS = YES_ERROR;
				CLANG_WARN_QUOTED_INCLUDE_IN_FRAMEWORK_HEADER = YES;
				CLANG_WARN_RANGE_LOOP_ANALYSIS = YES;
				CLANG_WARN_STRICT_PROTOTYPES = YES;
				CLANG_WARN_SUSPICIOUS_MOVE = YES;
				CLANG_WARN_UNGUARDED_AVAILABILITY = YES_AGGRESSIVE;
				CLANG_WARN_UNREACHABLE_CODE = YES;
				CLANG_WARN__DUPLICATE_METHOD_MATCH = YES;
				COPY_PHASE_STRIP = NO;
				DEBUG_INFORMATION_FORMAT = "dwarf-with-dsym";
				DEVELOPMENT_TEAM = CNUSUQ2TCB;
				ENABLE_NS_ASSERTIONS = NO;
				ENABLE_STRICT_OBJC_MSGSEND = YES;
				ENABLE_USER_SCRIPT_SANDBOXING = YES;
				GCC_C_LANGUAGE_STANDARD = gnu17;
				GCC_NO_COMMON_BLOCKS = YES;
				GCC_WARN_64_TO_32_BIT_CONVERSION = YES;
				GCC_WARN_ABOUT_RETURN_TYPE = YES_ERROR;
				GCC_WARN_UNDECLARED_SELECTOR = YES;
				GCC_WARN_UNINITIALIZED_AUTOS = YES_AGGRESSIVE;
				GCC_WARN_UNUSED_FUNCTION = YES;
				GCC_WARN_UNUSED_VARIABLE = YES;
				LOCALIZATION_PREFERS_STRING_CATALOGS = YES;
				MACOSX_DEPLOYMENT_TARGET = 15.7;
				MTL_ENABLE_DEBUG_INFO = NO;
				MTL_FAST_MATH = YES;
				SDKROOT = macosx;
			};
			name = Release;
		};
		35122B482F69A14900F4377B /* Debug */ = {
			isa = XCBuildConfiguration;
			buildSettings = {
				CODE_SIGN_IDENTITY = "-";
				CODE_SIGN_STYLE = Automatic;
				DEVELOPMENT_TEAM = CNUSUQ2TCB;
				DYLIB_COMPATIBILITY_VERSION = 1;
				DYLIB_CURRENT_VERSION = 1;
				EXECUTABLE_PREFIX = lib;
				GCC_ENABLE_CPP_EXCEPTIONS = YES;
				GCC_ENABLE_CPP_RTTI = YES;
				GCC_SYMBOLS_PRIVATE_EXTERN = YES;
				HEADER_SEARCH_PATHS = (
					"$(PROJECT_DIR)",
					"$(PROJECT_DIR)/include",
					"$(PROJECT_DIR)/generated_src",
				);
				PRODUCT_NAME = "$(TARGET_NAME)";
				SKIP_INSTALL = YES;
			};
			name = Debug;
		};
		35122B492F69A14900F4377B /* Release */ = {
			isa = XCBuildConfiguration;
			buildSettings = {
				CODE_SIGN_IDENTITY = "-";
				CODE_SIGN_STYLE = Automatic;
				DEVELOPMENT_TEAM = CNUSUQ2TCB;
				DYLIB_COMPATIBILITY_VERSION = 1;
				DYLIB_CURRENT_VERSION = 1;
				EXECUTABLE_PREFIX = lib;
				GCC_ENABLE_CPP_EXCEPTIONS = YES;
				GCC_ENABLE_CPP_RTTI = YES;
				GCC_SYMBOLS_PRIVATE_EXTERN = YES;
				HEADER_SEARCH_PATHS = (
					"$(PROJECT_DIR)",
					"$(PROJECT_DIR)/include",
					"$(PROJECT_DIR)/generated_src",
				);
				PRODUCT_NAME = "$(TARGET_NAME)";
				SKIP_INSTALL = YES;
			};
			name = Release;
		};
/* End XCBuildConfiguration section */

/* Begin XCConfigurationList section */
		35122B372F69A14900F4377B /* Build configuration list for PBXProject "FastFHIR" */ = {
			isa = XCConfigurationList;
			buildConfigurations = (
				35122B452F69A14900F4377B /* Debug */,
				35122B462F69A14900F4377B /* Release */,
			);
			defaultConfigurationIsVisible = 0;
			defaultConfigurationName = Release;
		};
		35122B472F69A14900F4377B /* Build configuration list for PBXNativeTarget "FastFHIR" */ = {
			isa = XCConfigurationList;
			buildConfigurations = (
				35122B482F69A14900F4377B /* Debug */,
				35122B492F69A14900F4377B /* Release */,
			);
			defaultConfigurationIsVisible = 0;
			defaultConfigurationName = Release;
		};
/* End XCConfigurationList section */
	};
	rootObject = 35122B342F69A14900F4377B /* Project object */;
}
